
Microsoft Visual Studio Solution File, Format Version 12.00
# Visual Studio Version 16
VisualStudioVersion = 16.0.32106.194
MinimumVisualStudioVersion = 10.0.40219.1
Project("{8BC9CEB8-8B4A-11D0-8D11-00A0C91BC942}") = "ITMO.C++Course.Lab1", "ITMO.C++Course.Lab1\ITMO.C++Course.Lab1.vcxproj", "{2F95832D-8486-4BDE-8844-5EAB2730C7CF}"
EndProject
Project("{8BC9CEB8-8B4A-11D0-8D11-00A0C91BC942}") = "ITMO.C++Course.Lab2-1", "ITMO.C++Course.Lab2\ITMO.C++Course.Lab2.vcxproj", "{3D1EB998-28DF-4D61-B9EB-8666B0DF9CAC}"
EndProject
Project("{8BC9CEB8-8B4A-11D0-8D11-00A0C91BC942}") = "ITMO.C++Course.Lab2-2", "ITMO.C++Course.Lab2-2\ITMO.C++Course.Lab2-2.vcxproj", "{C64564D8-47D9-4138-9D9F-8743B8DBEFFF}"
EndProject
Project("{8BC9CEB8-8B4A-11D0-8D11-00A0C91BC942}") = "ITMO.C++Course.Lab2-3", "ITMO.C++Course.Lab2-3\ITMO.C++Course.Lab2-3.vcxproj", "{CF54D70E-39F3-4E23-B54A-FCA774968E4F}"
EndProject
Project("{8BC9CEB8-8B4A-11D0-8D11-00A0C91BC942}") = "ITMO.C++Course.Lab2-4", "ITMO.C++Course.Lab2-4\ITMO.C++Course.Lab2-4.vcxproj", "{7C6DB6E4-D3FE-427B-BFA8-5062BB6CCC02}"
EndProject
Project("{8BC9CEB8-8B4A-11D0-8D11-00A0C91BC942}") = "ITMO.C++Course.Lab3-1", "ITMO.C++Course.Lab3-1\ITMO.C++Course.Lab3-1.vcxproj", "{5B1F0747-FB19-4C81-94A2-EE8872A5C3B7}"
EndProject
Project("{8BC9CEB8-8B4A-11D0-8D11-00A0C91BC942}") = "ITMO.C++Course.Lab3-2", "ITMO.C++Course.Lab3-2\ITMO.C++Course.Lab3-2.vcxproj", "{FDD8C362-39E7-4676-A06B-ED7813D42ECB}"
EndProject
Project("{8BC9CEB8-8B4A-11D0-8D11-00A0C91BC942}") = "ITMO.C++Course.Lab3-3", "ITMO.C++Course.Lab3-3\ITMO.C++Course.Lab3-3.vcxproj", "{289B8823-BFC7-42D5-A229-ED7EEA99A817}"
EndProject
Project("{8BC9CEB8-8B4A-11D0-8D11-00A0C91BC942}") = "ITMO.C++Course.Lab3-4", "ITMO.C++Course.Lab3-4\ITMO.C++Course.Lab3-4.vcxproj", "{D57AF998-97B5-45AE-91E8-EF7B3FC3E0D9}"
EndProject
Project("{8BC9CEB8-8B4A-11D0-8D11-00A0C91BC942}") = "ITMO.C++Course.Lab3-5", "ITMO.C++Course.Lab3-5\ITMO.C++Course.Lab3-5.vcxproj", "{7F957C64-D0AA-4B8A-81FE-786ABFA510C0}"
EndProject
Project("{8BC9CEB8-8B4A-11D0-8D11-00A0C91BC942}") = "ITMO.C++Course.Lab4-1", "ITMO.C++Course.Lab4-1\ITMO.C++Course.Lab4-1.vcxproj", "{99249059-383F-4AF7-AFB6-B8A49A85A091}"
EndProject
Project("{8BC9CEB8-8B4A-11D0-8D11-00A0C91BC942}") = "ITMO.C++Course.Lab4-2", "ITMO.C++Course.Lab4-2\ITMO.C++Course.Lab4-2.vcxproj", "{6682704A-8267-4082-A7A9-5EFECE02A53C}"
EndProject
Project("{8BC9CEB8-8B4A-11D0-8D11-00A0C91BC942}") = "ITMO.C++Course.Lab5-1", "ITMO.C++Course.Lab5-1\ITMO.C++Course.Lab5-1.vcxproj", "{FDB0590A-3674-4639-B146-A4E4A7AA823D}"
EndProject
Project("{8BC9CEB8-8B4A-11D0-8D11-00A0C91BC942}") = "ITMO.C++Course.Lab5-2", "ITMO.C++Course.Lab5-2\ITMO.C++Course.Lab5-2.vcxproj", "{24C0B31D-5F5B-49A1-BE64-8AED861F4FE3}"
EndProject
Project("{8BC9CEB8-8B4A-11D0-8D11-00A0C91BC942}") = "ITMO.C++Course.Lab6-1", "ITMO.C++Course.Lab6-1\ITMO.C++Course.Lab6-1.vcxproj", "{C8672297-B154-4E57-906B-989518C248C0}"
EndProject
Project("{8BC9CEB8-8B4A-11D0-8D11-00A0C91BC942}") = "ITMO.C++Course.Lab6-2", "ITMO.C++Course.Lab6-2\ITMO.C++Course.Lab6-2.vcxproj", "{50F4D8CD-A24D-4F89-A63F-B0F97EFC7BE6}"
EndProject
Project("{8BC9CEB8-8B4A-11D0-8D11-00A0C91BC942}") = "ITMO.C++Course.Lab7-1", "ITMO.C++Course.Lab7-1\ITMO.C++Course.Lab7-1.vcxproj", "{87E57C44-E4EA-499D-851F-59BBC576A5F9}"
EndProject
Project("{8BC9CEB8-8B4A-11D0-8D11-00A0C91BC942}") = "ITMO.C++Course.Lab7-2", "ITMO.C++Course.Lab7-2\ITMO.C++Course.Lab7-2.vcxproj", "{B6CE2DBC-1C25-48A9-AE7E-9144A91701CB}"
EndProject
Project("{8BC9CEB8-8B4A-11D0-8D11-00A0C91BC942}") = "ITMO.C++Course.Lab7-3", "ITMO.C++Course.Lab7-3\ITMO.C++Course.Lab7-3.vcxproj", "{FF5C3409-84F5-4405-BF46-714D2373CBA9}"
EndProject
Project("{8BC9CEB8-8B4A-11D0-8D11-00A0C91BC942}") = "ITMO.C++Course.Ex8", "ITMO.C++Course.Ex8\ITMO.C++Course.Ex8.vcxproj", "{7E4E99D1-DF62-4944-B982-29100C667611}"
EndProject
Project("{8BC9CEB8-8B4A-11D0-8D11-00A0C91BC942}") = "ITMO.C++Course.Lab8-1", "ITMO.C++Course.Lab8-1\ITMO.C++Course.Lab8-1.vcxproj", "{85289094-57A5-406A-B035-C4D28D6E51BD}"
EndProject
Project("{8BC9CEB8-8B4A-11D0-8D11-00A0C91BC942}") = "ITMO.C++Course.Ex9", "ITMO.C++Course.Ex9\ITMO.C++Course.Ex9.vcxproj", "{A6F98F3C-8D36-4A39-890D-093D19DCEB5B}"
EndProject
Project("{8BC9CEB8-8B4A-11D0-8D11-00A0C91BC942}") = "ITMO.C++Course.Lab9-1", "ITMO.C++Course.Lab9-1\ITMO.C++Course.Lab9-1.vcxproj", "{8EF6016D-47E2-412B-8528-5FB19622D03A}"
EndProject
Project("{8BC9CEB8-8B4A-11D0-8D11-00A0C91BC942}") = "ITMO.C++Course.Lab10-1", "ITMO.C++Course.Lab10-1\ITMO.C++Course.Lab10-1.vcxproj", "{A14D0E73-664A-427E-9966-76BFD5739E53}"
EndProject
Project("{8BC9CEB8-8B4A-11D0-8D11-00A0C91BC942}") = "ITMO.C++Course.Ex11", "ITMO.C++Course.Ex11\ITMO.C++Course.Ex11.vcxproj", "{A08C8F6C-F29A-4DA9-BCBB-CE3CAD1AF182}"
EndProject
Project("{8BC9CEB8-8B4A-11D0-8D11-00A0C91BC942}") = "ITMO.C++Course.Ex11.GradeMap", "ITMO.C++Course.Ex11.GradeMap\ITMO.C++Course.Ex11.GradeMap.vcxproj", "{3D4C77B8-FB96-496C-BFAE-8243F1A1B19C}"
EndProject
Project("{8BC9CEB8-8B4A-11D0-8D11-00A0C91BC942}") = "ITMO.C++Course.Lab11-2(Point)", "ITMO.C++Course.Lab11-2(Point)\ITMO.C++Course.Lab11-2(Point).vcxproj", "{8BA064B6-3754-4A4A-B60D-78B31609C890}"
EndProject
Project("{8BC9CEB8-8B4A-11D0-8D11-00A0C91BC942}") = "ITMO.C++Course.Ex12.SchoolCpp", "ITMO.C++Course.Ex12.SchoolCpp\ITMO.C++Course.Ex12.SchoolCpp.vcxproj", "{FE4D0773-4D64-491E-AC35-30F45F5E5363}"
EndProject
Project("{8BC9CEB8-8B4A-11D0-8D11-00A0C91BC942}") = "ITMO.C++Course.Ex13", "ITMO.C++Course.Ex13\ITMO.C++Course.Ex13.vcxproj", "{D4E3640D-BD0B-4581-9F83-47B86A43C6E9}"
EndProject
Project("{8BC9CEB8-8B4A-11D0-8D11-00A0C91BC942}") = "ITMO.C++Course.Lab13", "ITMO.C++Course.Lab13\ITMO.C++Course.Lab13.vcxproj", "{24F0CD02-75D6-4B11-A271-5100D2087316}"
EndProject
Global
	GlobalSection(SolutionConfigurationPlatforms) = preSolution
		Debug|x64 = Debug|x64
		Debug|x86 = Debug|x86
		Release|x64 = Release|x64
		Release|x86 = Release|x86
	EndGlobalSection
	GlobalSection(ProjectConfigurationPlatforms) = postSolution
		{2F95832D-8486-4BDE-8844-5EAB2730C7CF}.Debug|x64.ActiveCfg = Debug|x64
		{2F95832D-8486-4BDE-8844-5EAB2730C7CF}.Debug|x64.Build.0 = Debug|x64
		{2F95832D-8486-4BDE-8844-5EAB2730C7CF}.Debug|x86.ActiveCfg = Debug|Win32
		{2F95832D-8486-4BDE-8844-5EAB2730C7CF}.Debug|x86.Build.0 = Debug|Win32
		{2F95832D-8486-4BDE-8844-5EAB2730C7CF}.Release|x64.ActiveCfg = Release|x64
		{2F95832D-8486-4BDE-8844-5EAB2730C7CF}.Release|x64.Build.0 = Release|x64
		{2F95832D-8486-4BDE-8844-5EAB2730C7CF}.Release|x86.ActiveCfg = Release|Win32
		{2F95832D-8486-4BDE-8844-5EAB2730C7CF}.Release|x86.Build.0 = Release|Win32
		{3D1EB998-28DF-4D61-B9EB-8666B0DF9CAC}.Debug|x64.ActiveCfg = Debug|x64
		{3D1EB998-28DF-4D61-B9EB-8666B0DF9CAC}.Debug|x64.Build.0 = Debug|x64
		{3D1EB998-28DF-4D61-B9EB-8666B0DF9CAC}.Debug|x86.ActiveCfg = Debug|Win32
		{3D1EB998-28DF-4D61-B9EB-8666B0DF9CAC}.Debug|x86.Build.0 = Debug|Win32
		{3D1EB998-28DF-4D61-B9EB-8666B0DF9CAC}.Release|x64.ActiveCfg = Release|x64
		{3D1EB998-28DF-4D61-B9EB-8666B0DF9CAC}.Release|x64.Build.0 = Release|x64
		{3D1EB998-28DF-4D61-B9EB-8666B0DF9CAC}.Release|x86.ActiveCfg = Release|Win32
		{3D1EB998-28DF-4D61-B9EB-8666B0DF9CAC}.Release|x86.Build.0 = Release|Win32
		{C64564D8-47D9-4138-9D9F-8743B8DBEFFF}.Debug|x64.ActiveCfg = Debug|x64
		{C64564D8-47D9-4138-9D9F-8743B8DBEFFF}.Debug|x64.Build.0 = Debug|x64
		{C64564D8-47D9-4138-9D9F-8743B8DBEFFF}.Debug|x86.ActiveCfg = Debug|Win32
		{C64564D8-47D9-4138-9D9F-8743B8DBEFFF}.Debug|x86.Build.0 = Debug|Win32
		{C64564D8-47D9-4138-9D9F-8743B8DBEFFF}.Release|x64.ActiveCfg = Release|x64
		{C64564D8-47D9-4138-9D9F-8743B8DBEFFF}.Release|x64.Build.0 = Release|x64
		{C64564D8-47D9-4138-9D9F-8743B8DBEFFF}.Release|x86.ActiveCfg = Release|Win32
		{C64564D8-47D9-4138-9D9F-8743B8DBEFFF}.Release|x86.Build.0 = Release|Win32
		{CF54D70E-39F3-4E23-B54A-FCA774968E4F}.Debug|x64.ActiveCfg = Debug|x64
		{CF54D70E-39F3-4E23-B54A-FCA774968E4F}.Debug|x64.Build.0 = Debug|x64
		{CF54D70E-39F3-4E23-B54A-FCA774968E4F}.Debug|x86.ActiveCfg = Debug|Win32
		{CF54D70E-39F3-4E23-B54A-FCA774968E4F}.Debug|x86.Build.0 = Debug|Win32
		{CF54D70E-39F3-4E23-B54A-FCA774968E4F}.Release|x64.ActiveCfg = Release|x64
		{CF54D70E-39F3-4E23-B54A-FCA774968E4F}.Release|x64.Build.0 = Release|x64
		{CF54D70E-39F3-4E23-B54A-FCA774968E4F}.Release|x86.ActiveCfg = Release|Win32
		{CF54D70E-39F3-4E23-B54A-FCA774968E4F}.Release|x86.Build.0 = Release|Win32
		{7C6DB6E4-D3FE-427B-BFA8-5062BB6CCC02}.Debug|x64.ActiveCfg = Debug|x64
		{7C6DB6E4-D3FE-427B-BFA8-5062BB6CCC02}.Debug|x64.Build.0 = Debug|x64
		{7C6DB6E4-D3FE-427B-BFA8-5062BB6CCC02}.Debug|x86.ActiveCfg = Debug|Win32
		{7C6DB6E4-D3FE-427B-BFA8-5062BB6CCC02}.Debug|x86.Build.0 = Debug|Win32
		{7C6DB6E4-D3FE-427B-BFA8-5062BB6CCC02}.Release|x64.ActiveCfg = Release|x64
		{7C6DB6E4-D3FE-427B-BFA8-5062BB6CCC02}.Release|x64.Build.0 = Release|x64
		{7C6DB6E4-D3FE-427B-BFA8-5062BB6CCC02}.Release|x86.ActiveCfg = Release|Win32
		{7C6DB6E4-D3FE-427B-BFA8-5062BB6CCC02}.Release|x86.Build.0 = Release|Win32
		{5B1F0747-FB19-4C81-94A2-EE8872A5C3B7}.Debug|x64.ActiveCfg = Debug|x64
		{5B1F0747-FB19-4C81-94A2-EE8872A5C3B7}.Debug|x64.Build.0 = Debug|x64
		{5B1F0747-FB19-4C81-94A2-EE8872A5C3B7}.Debug|x86.ActiveCfg = Debug|Win32
		{5B1F0747-FB19-4C81-94A2-EE8872A5C3B7}.Debug|x86.Build.0 = Debug|Win32
		{5B1F0747-FB19-4C81-94A2-EE8872A5C3B7}.Release|x64.ActiveCfg = Release|x64
		{5B1F0747-FB19-4C81-94A2-EE8872A5C3B7}.Release|x64.Build.0 = Release|x64
		{5B1F0747-FB19-4C81-94A2-EE8872A5C3B7}.Release|x86.ActiveCfg = Release|Win32
		{5B1F0747-FB19-4C81-94A2-EE8872A5C3B7}.Release|x86.Build.0 = Release|Win32
		{FDD8C362-39E7-4676-A06B-ED7813D42ECB}.Debug|x64.ActiveCfg = Debug|x64
		{FDD8C362-39E7-4676-A06B-ED7813D42ECB}.Debug|x64.Build.0 = Debug|x64
		{FDD8C362-39E7-4676-A06B-ED7813D42ECB}.Debug|x86.ActiveCfg = Debug|Win32
		{FDD8C362-39E7-4676-A06B-ED7813D42ECB}.Debug|x86.Build.0 = Debug|Win32
		{FDD8C362-39E7-4676-A06B-ED7813D42ECB}.Release|x64.ActiveCfg = Release|x64
		{FDD8C362-39E7-4676-A06B-ED7813D42ECB}.Release|x64.Build.0 = Release|x64
		{FDD8C362-39E7-4676-A06B-ED7813D42ECB}.Release|x86.ActiveCfg = Release|Win32
		{FDD8C362-39E7-4676-A06B-ED7813D42ECB}.Release|x86.Build.0 = Release|Win32
		{289B8823-BFC7-42D5-A229-ED7EEA99A817}.Debug|x64.ActiveCfg = Debug|x64
		{289B8823-BFC7-42D5-A229-ED7EEA99A817}.Debug|x64.Build.0 = Debug|x64
		{289B8823-BFC7-42D5-A229-ED7EEA99A817}.Debug|x86.ActiveCfg = Debug|Win32
		{289B8823-BFC7-42D5-A229-ED7EEA99A817}.Debug|x86.Build.0 = Debug|Win32
		{289B8823-BFC7-42D5-A229-ED7EEA99A817}.Release|x64.ActiveCfg = Release|x64
		{289B8823-BFC7-42D5-A229-ED7EEA99A817}.Release|x64.Build.0 = Release|x64
		{289B8823-BFC7-42D5-A229-ED7EEA99A817}.Release|x86.ActiveCfg = Release|Win32
		{289B8823-BFC7-42D5-A229-ED7EEA99A817}.Release|x86.Build.0 = Release|Win32
		{D57AF998-97B5-45AE-91E8-EF7B3FC3E0D9}.Debug|x64.ActiveCfg = Debug|x64
		{D57AF998-97B5-45AE-91E8-EF7B3FC3E0D9}.Debug|x64.Build.0 = Debug|x64
		{D57AF998-97B5-45AE-91E8-EF7B3FC3E0D9}.Debug|x86.ActiveCfg = Debug|Win32
		{D57AF998-97B5-45AE-91E8-EF7B3FC3E0D9}.Debug|x86.Build.0 = Debug|Win32
		{D57AF998-97B5-45AE-91E8-EF7B3FC3E0D9}.Release|x64.ActiveCfg = Release|x64
		{D57AF998-97B5-45AE-91E8-EF7B3FC3E0D9}.Release|x64.Build.0 = Release|x64
		{D57AF998-97B5-45AE-91E8-EF7B3FC3E0D9}.Release|x86.ActiveCfg = Release|Win32
		{D57AF998-97B5-45AE-91E8-EF7B3FC3E0D9}.Release|x86.Build.0 = Release|Win32
		{7F957C64-D0AA-4B8A-81FE-786ABFA510C0}.Debug|x64.ActiveCfg = Debug|x64
		{7F957C64-D0AA-4B8A-81FE-786ABFA510C0}.Debug|x64.Build.0 = Debug|x64
		{7F957C64-D0AA-4B8A-81FE-786ABFA510C0}.Debug|x86.ActiveCfg = Debug|Win32
		{7F957C64-D0AA-4B8A-81FE-786ABFA510C0}.Debug|x86.Build.0 = Debug|Win32
		{7F957C64-D0AA-4B8A-81FE-786ABFA510C0}.Release|x64.ActiveCfg = Release|x64
		{7F957C64-D0AA-4B8A-81FE-786ABFA510C0}.Release|x64.Build.0 = Release|x64
		{7F957C64-D0AA-4B8A-81FE-786ABFA510C0}.Release|x86.ActiveCfg = Release|Win32
		{7F957C64-D0AA-4B8A-81FE-786ABFA510C0}.Release|x86.Build.0 = Release|Win32
		{99249059-383F-4AF7-AFB6-B8A49A85A091}.Debug|x64.ActiveCfg = Debug|x64
		{99249059-383F-4AF7-AFB6-B8A49A85A091}.Debug|x64.Build.0 = Debug|x64
		{99249059-383F-4AF7-AFB6-B8A49A85A091}.Debug|x86.ActiveCfg = Debug|Win32
		{99249059-383F-4AF7-AFB6-B8A49A85A091}.Debug|x86.Build.0 = Debug|Win32
		{99249059-383F-4AF7-AFB6-B8A49A85A091}.Release|x64.ActiveCfg = Release|x64
		{99249059-383F-4AF7-AFB6-B8A49A85A091}.Release|x64.Build.0 = Release|x64
		{99249059-383F-4AF7-AFB6-B8A49A85A091}.Release|x86.ActiveCfg = Release|Win32
		{99249059-383F-4AF7-AFB6-B8A49A85A091}.Release|x86.Build.0 = Release|Win32
		{6682704A-8267-4082-A7A9-5EFECE02A53C}.Debug|x64.ActiveCfg = Debug|x64
		{6682704A-8267-4082-A7A9-5EFECE02A53C}.Debug|x64.Build.0 = Debug|x64
		{6682704A-8267-4082-A7A9-5EFECE02A53C}.Debug|x86.ActiveCfg = Debug|Win32
		{6682704A-8267-4082-A7A9-5EFECE02A53C}.Debug|x86.Build.0 = Debug|Win32
		{6682704A-8267-4082-A7A9-5EFECE02A53C}.Release|x64.ActiveCfg = Release|x64
		{6682704A-8267-4082-A7A9-5EFECE02A53C}.Release|x64.Build.0 = Release|x64
		{6682704A-8267-4082-A7A9-5EFECE02A53C}.Release|x86.ActiveCfg = Release|Win32
		{6682704A-8267-4082-A7A9-5EFECE02A53C}.Release|x86.Build.0 = Release|Win32
		{FDB0590A-3674-4639-B146-A4E4A7AA823D}.Debug|x64.ActiveCfg = Debug|x64
		{FDB0590A-3674-4639-B146-A4E4A7AA823D}.Debug|x64.Build.0 = Debug|x64
		{FDB0590A-3674-4639-B146-A4E4A7AA823D}.Debug|x86.ActiveCfg = Debug|Win32
		{FDB0590A-3674-4639-B146-A4E4A7AA823D}.Debug|x86.Build.0 = Debug|Win32
		{FDB0590A-3674-4639-B146-A4E4A7AA823D}.Release|x64.ActiveCfg = Release|x64
		{FDB0590A-3674-4639-B146-A4E4A7AA823D}.Release|x64.Build.0 = Release|x64
		{FDB0590A-3674-4639-B146-A4E4A7AA823D}.Release|x86.ActiveCfg = Release|Win32
		{FDB0590A-3674-4639-B146-A4E4A7AA823D}.Release|x86.Build.0 = Release|Win32
		{24C0B31D-5F5B-49A1-BE64-8AED861F4FE3}.Debug|x64.ActiveCfg = Debug|x64
		{24C0B31D-5F5B-49A1-BE64-8AED861F4FE3}.Debug|x64.Build.0 = Debug|x64
		{24C0B31D-5F5B-49A1-BE64-8AED861F4FE3}.Debug|x86.ActiveCfg = Debug|Win32
		{24C0B31D-5F5B-49A1-BE64-8AED861F4FE3}.Debug|x86.Build.0 = Debug|Win32
		{24C0B31D-5F5B-49A1-BE64-8AED861F4FE3}.Release|x64.ActiveCfg = Release|x64
		{24C0B31D-5F5B-49A1-BE64-8AED861F4FE3}.Release|x64.Build.0 = Release|x64
		{24C0B31D-5F5B-49A1-BE64-8AED861F4FE3}.Release|x86.ActiveCfg = Release|Win32
		{24C0B31D-5F5B-49A1-BE64-8AED861F4FE3}.Release|x86.Build.0 = Release|Win32
		{C8672297-B154-4E57-906B-989518C248C0}.Debug|x64.ActiveCfg = Debug|x64
		{C8672297-B154-4E57-906B-989518C248C0}.Debug|x64.Build.0 = Debug|x64
		{C8672297-B154-4E57-906B-989518C248C0}.Debug|x86.ActiveCfg = Debug|Win32
		{C8672297-B154-4E57-906B-989518C248C0}.Debug|x86.Build.0 = Debug|Win32
		{C8672297-B154-4E57-906B-989518C248C0}.Release|x64.ActiveCfg = Release|x64
		{C8672297-B154-4E57-906B-989518C248C0}.Release|x64.Build.0 = Release|x64
		{C8672297-B154-4E57-906B-989518C248C0}.Release|x86.ActiveCfg = Release|Win32
		{C8672297-B154-4E57-906B-989518C248C0}.Release|x86.Build.0 = Release|Win32
		{50F4D8CD-A24D-4F89-A63F-B0F97EFC7BE6}.Debug|x64.ActiveCfg = Debug|x64
		{50F4D8CD-A24D-4F89-A63F-B0F97EFC7BE6}.Debug|x64.Build.0 = Debug|x64
		{50F4D8CD-A24D-4F89-A63F-B0F97EFC7BE6}.Debug|x86.ActiveCfg = Debug|Win32
		{50F4D8CD-A24D-4F89-A63F-B0F97EFC7BE6}.Debug|x86.Build.0 = Debug|Win32
		{50F4D8CD-A24D-4F89-A63F-B0F97EFC7BE6}.Release|x64.ActiveCfg = Release|x64
		{50F4D8CD-A24D-4F89-A63F-B0F97EFC7BE6}.Release|x64.Build.0 = Release|x64
		{50F4D8CD-A24D-4F89-A63F-B0F97EFC7BE6}.Release|x86.ActiveCfg = Release|Win32
		{50F4D8CD-A24D-4F89-A63F-B0F97EFC7BE6}.Release|x86.Build.0 = Release|Win32
		{87E57C44-E4EA-499D-851F-59BBC576A5F9}.Debug|x64.ActiveCfg = Debug|x64
		{87E57C44-E4EA-499D-851F-59BBC576A5F9}.Debug|x64.Build.0 = Debug|x64
		{87E57C44-E4EA-499D-851F-59BBC576A5F9}.Debug|x86.ActiveCfg = Debug|Win32
		{87E57C44-E4EA-499D-851F-59BBC576A5F9}.Debug|x86.Build.0 = Debug|Win32
		{87E57C44-E4EA-499D-851F-59BBC576A5F9}.Release|x64.ActiveCfg = Release|x64
		{87E57C44-E4EA-499D-851F-59BBC576A5F9}.Release|x64.Build.0 = Release|x64
		{87E57C44-E4EA-499D-851F-59BBC576A5F9}.Release|x86.ActiveCfg = Release|Win32
		{87E57C44-E4EA-499D-851F-59BBC576A5F9}.Release|x86.Build.0 = Release|Win32
		{B6CE2DBC-1C25-48A9-AE7E-9144A91701CB}.Debug|x64.ActiveCfg = Debug|x64
		{B6CE2DBC-1C25-48A9-AE7E-9144A91701CB}.Debug|x64.Build.0 = Debug|x64
		{B6CE2DBC-1C25-48A9-AE7E-9144A91701CB}.Debug|x86.ActiveCfg = Debug|Win32
		{B6CE2DBC-1C25-48A9-AE7E-9144A91701CB}.Debug|x86.Build.0 = Debug|Win32
		{B6CE2DBC-1C25-48A9-AE7E-9144A91701CB}.Release|x64.ActiveCfg = Release|x64
		{B6CE2DBC-1C25-48A9-AE7E-9144A91701CB}.Release|x64.Build.0 = Release|x64
		{B6CE2DBC-1C25-48A9-AE7E-9144A91701CB}.Release|x86.ActiveCfg = Release|Win32
		{B6CE2DBC-1C25-48A9-AE7E-9144A91701CB}.Release|x86.Build.0 = Release|Win32
		{FF5C3409-84F5-4405-BF46-714D2373CBA9}.Debug|x64.ActiveCfg = Debug|x64
		{FF5C3409-84F5-4405-BF46-714D2373CBA9}.Debug|x64.Build.0 = Debug|x64
		{FF5C3409-84F5-4405-BF46-714D2373CBA9}.Debug|x86.ActiveCfg = Debug|Win32
		{FF5C3409-84F5-4405-BF46-714D2373CBA9}.Debug|x86.Build.0 = Debug|Win32
		{FF5C3409-84F5-4405-BF46-714D2373CBA9}.Release|x64.ActiveCfg = Release|x64
		{FF5C3409-84F5-4405-BF46-714D2373CBA9}.Release|x64.Build.0 = Release|x64
		{FF5C3409-84F5-4405-BF46-714D2373CBA9}.Release|x86.ActiveCfg = Release|Win32
		{FF5C3409-84F5-4405-BF46-714D2373CBA9}.Release|x86.Build.0 = Release|Win32
		{7E4E99D1-DF62-4944-B982-29100C667611}.Debug|x64.ActiveCfg = Debug|x64
		{7E4E99D1-DF62-4944-B982-29100C667611}.Debug|x64.Build.0 = Debug|x64
		{7E4E99D1-DF62-4944-B982-29100C667611}.Debug|x86.ActiveCfg = Debug|Win32
		{7E4E99D1-DF62-4944-B982-29100C667611}.Debug|x86.Build.0 = Debug|Win32
		{7E4E99D1-DF62-4944-B982-29100C667611}.Release|x64.ActiveCfg = Release|x64
		{7E4E99D1-DF62-4944-B982-29100C667611}.Release|x64.Build.0 = Release|x64
		{7E4E99D1-DF62-4944-B982-29100C667611}.Release|x86.ActiveCfg = Release|Win32
		{7E4E99D1-DF62-4944-B982-29100C667611}.Release|x86.Build.0 = Release|Win32
		{85289094-57A5-406A-B035-C4D28D6E51BD}.Debug|x64.ActiveCfg = Debug|x64
		{85289094-57A5-406A-B035-C4D28D6E51BD}.Debug|x64.Build.0 = Debug|x64
		{85289094-57A5-406A-B035-C4D28D6E51BD}.Debug|x86.ActiveCfg = Debug|Win32
		{85289094-57A5-406A-B035-C4D28D6E51BD}.Debug|x86.Build.0 = Debug|Win32
		{85289094-57A5-406A-B035-C4D28D6E51BD}.Release|x64.ActiveCfg = Release|x64
		{85289094-57A5-406A-B035-C4D28D6E51BD}.Release|x64.Build.0 = Release|x64
		{85289094-57A5-406A-B035-C4D28D6E51BD}.Release|x86.ActiveCfg = Release|Win32
		{85289094-57A5-406A-B035-C4D28D6E51BD}.Release|x86.Build.0 = Release|Win32
		{A6F98F3C-8D36-4A39-890D-093D19DCEB5B}.Debug|x64.ActiveCfg = Debug|x64
		{A6F98F3C-8D36-4A39-890D-093D19DCEB5B}.Debug|x64.Build.0 = Debug|x64
		{A6F98F3C-8D36-4A39-890D-093D19DCEB5B}.Debug|x86.ActiveCfg = Debug|Win32
		{A6F98F3C-8D36-4A39-890D-093D19DCEB5B}.Debug|x86.Build.0 = Debug|Win32
		{A6F98F3C-8D36-4A39-890D-093D19DCEB5B}.Release|x64.ActiveCfg = Release|x64
		{A6F98F3C-8D36-4A39-890D-093D19DCEB5B}.Release|x64.Build.0 = Release|x64
		{A6F98F3C-8D36-4A39-890D-093D19DCEB5B}.Release|x86.ActiveCfg = Release|Win32
		{A6F98F3C-8D36-4A39-890D-093D19DCEB5B}.Release|x86.Build.0 = Release|Win32
		{8EF6016D-47E2-412B-8528-5FB19622D03A}.Debug|x64.ActiveCfg = Debug|x64
		{8EF6016D-47E2-412B-8528-5FB19622D03A}.Debug|x64.Build.0 = Debug|x64
		{8EF6016D-47E2-412B-8528-5FB19622D03A}.Debug|x86.ActiveCfg = Debug|Win32
		{8EF6016D-47E2-412B-8528-5FB19622D03A}.Debug|x86.Build.0 = Debug|Win32
		{8EF6016D-47E2-412B-8528-5FB19622D03A}.Release|x64.ActiveCfg = Release|x64
		{8EF6016D-47E2-412B-8528-5FB19622D03A}.Release|x64.Build.0 = Release|x64
		{8EF6016D-47E2-412B-8528-5FB19622D03A}.Release|x86.ActiveCfg = Release|Win32
		{8EF6016D-47E2-412B-8528-5FB19622D03A}.Release|x86.Build.0 = Release|Win32
		{A14D0E73-664A-427E-9966-76BFD5739E53}.Debug|x64.ActiveCfg = Debug|x64
		{A14D0E73-664A-427E-9966-76BFD5739E53}.Debug|x64.Build.0 = Debug|x64
		{A14D0E73-664A-427E-9966-76BFD5739E53}.Debug|x86.ActiveCfg = Debug|Win32
		{A14D0E73-664A-427E-9966-76BFD5739E53}.Debug|x86.Build.0 = Debug|Win32
		{A14D0E73-664A-427E-9966-76BFD5739E53}.Release|x64.ActiveCfg = Release|x64
		{A14D0E73-664A-427E-9966-76BFD5739E53}.Release|x64.Build.0 = Release|x64
		{A14D0E73-664A-427E-9966-76BFD5739E53}.Release|x86.ActiveCfg = Release|Win32
		{A14D0E73-664A-427E-9966-76BFD5739E53}.Release|x86.Build.0 = Release|Win32
		{A08C8F6C-F29A-4DA9-BCBB-CE3CAD1AF182}.Debug|x64.ActiveCfg = Debug|x64
		{A08C8F6C-F29A-4DA9-BCBB-CE3CAD1AF182}.Debug|x64.Build.0 = Debug|x64
		{A08C8F6C-F29A-4DA9-BCBB-CE3CAD1AF182}.Debug|x86.ActiveCfg = Debug|Win32
		{A08C8F6C-F29A-4DA9-BCBB-CE3CAD1AF182}.Debug|x86.Build.0 = Debug|Win32
		{A08C8F6C-F29A-4DA9-BCBB-CE3CAD1AF182}.Release|x64.ActiveCfg = Release|x64
		{A08C8F6C-F29A-4DA9-BCBB-CE3CAD1AF182}.Release|x64.Build.0 = Release|x64
		{A08C8F6C-F29A-4DA9-BCBB-CE3CAD1AF182}.Release|x86.ActiveCfg = Release|Win32
		{A08C8F6C-F29A-4DA9-BCBB-CE3CAD1AF182}.Release|x86.Build.0 = Release|Win32
		{3D4C77B8-FB96-496C-BFAE-8243F1A1B19C}.Debug|x64.ActiveCfg = Debug|x64
		{3D4C77B8-FB96-496C-BFAE-8243F1A1B19C}.Debug|x64.Build.0 = Debug|x64
		{3D4C77B8-FB96-496C-BFAE-8243F1A1B19C}.Debug|x86.ActiveCfg = Debug|Win32
		{3D4C77B8-FB96-496C-BFAE-8243F1A1B19C}.Debug|x86.Build.0 = Debug|Win32
		{3D4C77B8-FB96-496C-BFAE-8243F1A1B19C}.Release|x64.ActiveCfg = Release|x64
		{3D4C77B8-FB96-496C-BFAE-8243F1A1B19C}.Release|x64.Build.0 = Release|x64
		{3D4C77B8-FB96-496C-BFAE-8243F1A1B19C}.Release|x86.ActiveCfg = Release|Win32
		{3D4C77B8-FB96-496C-BFAE-8243F1A1B19C}.Release|x86.Build.0 = Release|Win32
		{8BA064B6-3754-4A4A-B60D-78B31609C890}.Debug|x64.ActiveCfg = Debug|x64
		{8BA064B6-3754-4A4A-B60D-78B31609C890}.Debug|x64.Build.0 = Debug|x64
		{8BA064B6-3754-4A4A-B60D-78B31609C890}.Debug|x86.ActiveCfg = Debug|Win32
		{8BA064B6-3754-4A4A-B60D-78B31609C890}.Debug|x86.Build.0 = Debug|Win32
		{8BA064B6-3754-4A4A-B60D-78B31609C890}.Release|x64.ActiveCfg = Release|x64
		{8BA064B6-3754-4A4A-B60D-78B31609C890}.Release|x64.Build.0 = Release|x64
		{8BA064B6-3754-4A4A-B60D-78B31609C890}.Release|x86.ActiveCfg = Release|Win32
		{8BA064B6-3754-4A4A-B60D-78B31609C890}.Release|x86.Build.0 = Release|Win32
		{FE4D0773-4D64-491E-AC35-30F45F5E5363}.Debug|x64.ActiveCfg = Debug|x64
		{FE4D0773-4D64-491E-AC35-30F45F5E5363}.Debug|x64.Build.0 = Debug|x64
		{FE4D0773-4D64-491E-AC35-30F45F5E5363}.Debug|x86.ActiveCfg = Debug|Win32
		{FE4D0773-4D64-491E-AC35-30F45F5E5363}.Debug|x86.Build.0 = Debug|Win32
		{FE4D0773-4D64-491E-AC35-30F45F5E5363}.Release|x64.ActiveCfg = Release|x64
		{FE4D0773-4D64-491E-AC35-30F45F5E5363}.Release|x64.Build.0 = Release|x64
		{FE4D0773-4D64-491E-AC35-30F45F5E5363}.Release|x86.ActiveCfg = Release|Win32
		{FE4D0773-4D64-491E-AC35-30F45F5E5363}.Release|x86.Build.0 = Release|Win32
		{D4E3640D-BD0B-4581-9F83-47B86A43C6E9}.Debug|x64.ActiveCfg = Debug|x64
		{D4E3640D-BD0B-4581-9F83-47B86A43C6E9}.Debug|x64.Build.0 = Debug|x64
		{D4E3640D-BD0B-4581-9F83-47B86A43C6E9}.Debug|x86.ActiveCfg = Debug|Win32
		{D4E3640D-BD0B-4581-9F83-47B86A43C6E9}.Debug|x86.Build.0 = Debug|Win32
		{D4E3640D-BD0B-4581-9F83-47B86A43C6E9}.Release|x64.ActiveCfg = Release|x64
		{D4E3640D-BD0B-4581-9F83-47B86A43C6E9}.Release|x64.Build.0 = Release|x64
		{D4E3640D-BD0B-4581-9F83-47B86A43C6E9}.Release|x86.ActiveCfg = Release|Win32
		{D4E3640D-BD0B-4581-9F83-47B86A43C6E9}.Release|x86.Build.0 = Release|Win32
		{24F0CD02-75D6-4B11-A271-5100D2087316}.Debug|x64.ActiveCfg = Debug|x64
		{24F0CD02-75D6-4B11-A271-5100D2087316}.Debug|x64.Build.0 = Debug|x64
		{24F0CD02-75D6-4B11-A271-5100D2087316}.Debug|x86.ActiveCfg = Debug|Win32
		{24F0CD02-75D6-4B11-A271-5100D2087316}.Debug|x86.Build.0 = Debug|Win32
		{24F0CD02-75D6-4B11-A271-5100D2087316}.Release|x64.ActiveCfg = Release|x64
		{24F0CD02-75D6-4B11-A271-5100D2087316}.Release|x64.Build.0 = Release|x64
		{24F0CD02-75D6-4B11-A271-5100D2087316}.Release|x86.ActiveCfg = Release|Win32
		{24F0CD02-75D6-4B11-A271-5100D2087316}.Release|x86.Build.0 = Release|Win32
	EndGlobalSection
	GlobalSection(SolutionProperties) = preSolution
		HideSolutionNode = FALSE
	EndGlobalSection
	GlobalSection(ExtensibilityGlobals) = postSolution
		SolutionGuid = {CB0513EB-F56D-4363-96E3-0705AC185C1E}
	EndGlobalSection
EndGlobal
