
Microsoft Visual Studio Solution File, Format Version 12.00
# Visual Studio Version 16
VisualStudioVersion = 16.0.32106.194
MinimumVisualStudioVersion = 10.0.40219.1
Project("{8BC9CEB8-8B4A-11D0-8D11-00A0C91BC942}") = "ITMO.C++Course.Lab1", "ITMO.C++Course.Lab1\ITMO.C++Course.Lab1.vcxproj", "{2F95832D-8486-4BDE-8844-5EAB2730C7CF}"
EndProject
Project("{8BC9CEB8-8B4A-11D0-8D11-00A0C91BC942}") = "ITMO.C++Course.Lab2-1", "ITMO.C++Course.Lab2\ITMO.C++Course.Lab2.vcxproj", "{3D1EB998-28DF-4D61-B9EB-8666B0DF9CAC}"
EndProject
Project("{8BC9CEB8-8B4A-11D0-8D11-00A0C91BC942}") = "ITMO.C++Course.Lab2-2", "ITMO.C++Course.Lab2-2\ITMO.C++Course.Lab2-2.vcxproj", "{C64564D8-47D9-4138-9D9F-8743B8DBEFFF}"
EndProject
Project("{8BC9CEB8-8B4A-11D0-8D11-00A0C91BC942}") = "ITMO.C++Course.Lab2-3", "ITMO.C++Course.Lab2-3\ITMO.C++Course.Lab2-3.vcxproj", "{CF54D70E-39F3-4E23-B54A-FCA774968E4F}"
EndProject
Project("{8BC9CEB8-8B4A-11D0-8D11-00A0C91BC942}") = "ITMO.C++Course.Lab2-4", "ITMO.C++Course.Lab2-4\ITMO.C++Course.Lab2-4.vcxproj", "{7C6DB6E4-D3FE-427B-BFA8-5062BB6CCC02}"
EndProject
Project("{8BC9CEB8-8B4A-11D0-8D11-00A0C91BC942}") = "ITMO.C++Course.Lab3-1", "ITMO.C++Course.Lab3-1\ITMO.C++Course.Lab3-1.vcxproj", "{5B1F0747-FB19-4C81-94A2-EE8872A5C3B7}"
EndProject
Project("{8BC9CEB8-8B4A-11D0-8D11-00A0C91BC942}") = "ITMO.C++Course.Lab3-2", "ITMO.C++Course.Lab3-2\ITMO.C++Course.Lab3-2.vcxproj", "{FDD8C362-39E7-4676-A06B-ED7813D42ECB}"
EndProject
Project("{8BC9CEB8-8B4A-11D0-8D11-00A0C91BC942}") = "ITMO.C++Course.Lab3-3", "ITMO.C++Course.Lab3-3\ITMO.C++Course.Lab3-3.vcxproj", "{289B8823-BFC7-42D5-A229-ED7EEA99A817}"
EndProject
Project("{8BC9CEB8-8B4A-11D0-8D11-00A0C91BC942}") = "ITMO.C++Course.Lab3-4", "ITMO.C++Course.Lab3-4\ITMO.C++Course.Lab3-4.vcxproj", "{D57AF998-97B5-45AE-91E8-EF7B3FC3E0D9}"
EndProject
Project("{8BC9CEB8-8B4A-11D0-8D11-00A0C91BC942}") = "ITMO.C++Course.Lab3-5", "ITMO.C++Course.Lab3-5\ITMO.C++Course.Lab3-5.vcxproj", "{7F957C64-D0AA-4B8A-81FE-786ABFA510C0}"
EndProject
Project("{8BC9CEB8-8B4A-11D0-8D11-00A0C91BC942}") = "ITMO.C++Course.Lab4-1", "ITMO.C++Course.Lab4-1\ITMO.C++Course.Lab4-1.vcxproj", "{99249059-383F-4AF7-AFB6-B8A49A85A091}"
EndProject
Project("{8BC9CEB8-8B4A-11D0-8D11-00A0C91BC942}") = "ITMO.C++Course.Lab4-2", "ITMO.C++Course.Lab4-2\ITMO.C++Course.Lab4-2.vcxproj", "{6682704A-8267-4082-A7A9-5EFECE02A53C}"
EndProject
Project("{8BC9CEB8-8B4A-11D0-8D11-00A0C91BC942}") = "ITMO.C++Course.Lab5-1", "ITMO.C++Course.Lab5-1\ITMO.C++Course.Lab5-1.vcxproj", "{FDB0590A-3674-4639-B146-A4E4A7AA823D}"
EndProject
Project("{8BC9CEB8-8B4A-11D0-8D11-00A0C91BC942}") = "ITMO.C++Course.Lab5-2", "ITMO.C++Course.Lab5-2\ITMO.C++Course.Lab5-2.vcxproj", "{24C0B31D-5F5B-49A1-BE64-8AED861F4FE3}"
EndProject
Project("{8BC9CEB8-8B4A-11D0-8D11-00A0C91BC942}") = "ITMO.C++Course.Lab6-1", "ITMO.C++Course.Lab6-1\ITMO.C++Course.Lab6-1.vcxproj", "{C8672297-B154-4E57-906B-989518C248C0}"
EndProject
Project("{8BC9CEB8-8B4A-11D0-8D11-00A0C91BC942}") = "ITMO.C++Course.Lab6-2", "ITMO.C++Course.Lab6-2\ITMO.C++Course.Lab6-2.vcxproj", "{50F4D8CD-A24D-4F89-A63F-B0F97EFC7BE6}"
EndProject
Global
	GlobalSection(SolutionConfigurationPlatforms) = preSolution
		Debug|x64 = Debug|x64
		Debug|x86 = Debug|x86
		Release|x64 = Release|x64
		Release|x86 = Release|x86
	EndGlobalSection
	GlobalSection(ProjectConfigurationPlatforms) = postSolution
		{2F95832D-8486-4BDE-8844-5EAB2730C7CF}.Debug|x64.ActiveCfg = Debug|x64
		{2F95832D-8486-4BDE-8844-5EAB2730C7CF}.Debug|x64.Build.0 = Debug|x64
		{2F95832D-8486-4BDE-8844-5EAB2730C7CF}.Debug|x86.ActiveCfg = Debug|Win32
		{2F95832D-8486-4BDE-8844-5EAB2730C7CF}.Debug|x86.Build.0 = Debug|Win32
		{2F95832D-8486-4BDE-8844-5EAB2730C7CF}.Release|x64.ActiveCfg = Release|x64
		{2F95832D-8486-4BDE-8844-5EAB2730C7CF}.Release|x64.Build.0 = Release|x64
		{2F95832D-8486-4BDE-8844-5EAB2730C7CF}.Release|x86.ActiveCfg = Release|Win32
		{2F95832D-8486-4BDE-8844-5EAB2730C7CF}.Release|x86.Build.0 = Release|Win32
		{3D1EB998-28DF-4D61-B9EB-8666B0DF9CAC}.Debug|x64.ActiveCfg = Debug|x64
		{3D1EB998-28DF-4D61-B9EB-8666B0DF9CAC}.Debug|x64.Build.0 = Debug|x64
		{3D1EB998-28DF-4D61-B9EB-8666B0DF9CAC}.Debug|x86.ActiveCfg = Debug|Win32
		{3D1EB998-28DF-4D61-B9EB-8666B0DF9CAC}.Debug|x86.Build.0 = Debug|Win32
		{3D1EB998-28DF-4D61-B9EB-8666B0DF9CAC}.Release|x64.ActiveCfg = Release|x64
		{3D1EB998-28DF-4D61-B9EB-8666B0DF9CAC}.Release|x64.Build.0 = Release|x64
		{3D1EB998-28DF-4D61-B9EB-8666B0DF9CAC}.Release|x86.ActiveCfg = Release|Win32
		{3D1EB998-28DF-4D61-B9EB-8666B0DF9CAC}.Release|x86.Build.0 = Release|Win32
		{C64564D8-47D9-4138-9D9F-8743B8DBEFFF}.Debug|x64.ActiveCfg = Debug|x64
		{C64564D8-47D9-4138-9D9F-8743B8DBEFFF}.Debug|x64.Build.0 = Debug|x64
		{C64564D8-47D9-4138-9D9F-8743B8DBEFFF}.Debug|x86.ActiveCfg = Debug|Win32
		{C64564D8-47D9-4138-9D9F-8743B8DBEFFF}.Debug|x86.Build.0 = Debug|Win32
		{C64564D8-47D9-4138-9D9F-8743B8DBEFFF}.Release|x64.ActiveCfg = Release|x64
		{C64564D8-47D9-4138-9D9F-8743B8DBEFFF}.Release|x64.Build.0 = Release|x64
		{C64564D8-47D9-4138-9D9F-8743B8DBEFFF}.Release|x86.ActiveCfg = Release|Win32
		{C64564D8-47D9-4138-9D9F-8743B8DBEFFF}.Release|x86.Build.0 = Release|Win32
		{CF54D70E-39F3-4E23-B54A-FCA774968E4F}.Debug|x64.ActiveCfg = Debug|x64
		{CF54D70E-39F3-4E23-B54A-FCA774968E4F}.Debug|x64.Build.0 = Debug|x64
		{CF54D70E-39F3-4E23-B54A-FCA774968E4F}.Debug|x86.ActiveCfg = Debug|Win32
		{CF54D70E-39F3-4E23-B54A-FCA774968E4F}.Debug|x86.Build.0 = Debug|Win32
		{CF54D70E-39F3-4E23-B54A-FCA774968E4F}.Release|x64.ActiveCfg = Release|x64
		{CF54D70E-39F3-4E23-B54A-FCA774968E4F}.Release|x64.Build.0 = Release|x64
		{CF54D70E-39F3-4E23-B54A-FCA774968E4F}.Release|x86.ActiveCfg = Release|Win32
		{CF54D70E-39F3-4E23-B54A-FCA774968E4F}.Release|x86.Build.0 = Release|Win32
		{7C6DB6E4-D3FE-427B-BFA8-5062BB6CCC02}.Debug|x64.ActiveCfg = Debug|x64
		{7C6DB6E4-D3FE-427B-BFA8-5062BB6CCC02}.Debug|x64.Build.0 = Debug|x64
		{7C6DB6E4-D3FE-427B-BFA8-5062BB6CCC02}.Debug|x86.ActiveCfg = Debug|Win32
		{7C6DB6E4-D3FE-427B-BFA8-5062BB6CCC02}.Debug|x86.Build.0 = Debug|Win32
		{7C6DB6E4-D3FE-427B-BFA8-5062BB6CCC02}.Release|x64.ActiveCfg = Release|x64
		{7C6DB6E4-D3FE-427B-BFA8-5062BB6CCC02}.Release|x64.Build.0 = Release|x64
		{7C6DB6E4-D3FE-427B-BFA8-5062BB6CCC02}.Release|x86.ActiveCfg = Release|Win32
		{7C6DB6E4-D3FE-427B-BFA8-5062BB6CCC02}.Release|x86.Build.0 = Release|Win32
		{5B1F0747-FB19-4C81-94A2-EE8872A5C3B7}.Debug|x64.ActiveCfg = Debug|x64
		{5B1F0747-FB19-4C81-94A2-EE8872A5C3B7}.Debug|x64.Build.0 = Debug|x64
		{5B1F0747-FB19-4C81-94A2-EE8872A5C3B7}.Debug|x86.ActiveCfg = Debug|Win32
		{5B1F0747-FB19-4C81-94A2-EE8872A5C3B7}.Debug|x86.Build.0 = Debug|Win32
		{5B1F0747-FB19-4C81-94A2-EE8872A5C3B7}.Release|x64.ActiveCfg = Release|x64
		{5B1F0747-FB19-4C81-94A2-EE8872A5C3B7}.Release|x64.Build.0 = Release|x64
		{5B1F0747-FB19-4C81-94A2-EE8872A5C3B7}.Release|x86.ActiveCfg = Release|Win32
		{5B1F0747-FB19-4C81-94A2-EE8872A5C3B7}.Release|x86.Build.0 = Release|Win32
		{FDD8C362-39E7-4676-A06B-ED7813D42ECB}.Debug|x64.ActiveCfg = Debug|x64
		{FDD8C362-39E7-4676-A06B-ED7813D42ECB}.Debug|x64.Build.0 = Debug|x64
		{FDD8C362-39E7-4676-A06B-ED7813D42ECB}.Debug|x86.ActiveCfg = Debug|Win32
		{FDD8C362-39E7-4676-A06B-ED7813D42ECB}.Debug|x86.Build.0 = Debug|Win32
		{FDD8C362-39E7-4676-A06B-ED7813D42ECB}.Release|x64.ActiveCfg = Release|x64
		{FDD8C362-39E7-4676-A06B-ED7813D42ECB}.Release|x64.Build.0 = Release|x64
		{FDD8C362-39E7-4676-A06B-ED7813D42ECB}.Release|x86.ActiveCfg = Release|Win32
		{FDD8C362-39E7-4676-A06B-ED7813D42ECB}.Release|x86.Build.0 = Release|Win32
		{289B8823-BFC7-42D5-A229-ED7EEA99A817}.Debug|x64.ActiveCfg = Debug|x64
		{289B8823-BFC7-42D5-A229-ED7EEA99A817}.Debug|x64.Build.0 = Debug|x64
		{289B8823-BFC7-42D5-A229-ED7EEA99A817}.Debug|x86.ActiveCfg = Debug|Win32
		{289B8823-BFC7-42D5-A229-ED7EEA99A817}.Debug|x86.Build.0 = Debug|Win32
		{289B8823-BFC7-42D5-A229-ED7EEA99A817}.Release|x64.ActiveCfg = Release|x64
		{289B8823-BFC7-42D5-A229-ED7EEA99A817}.Release|x64.Build.0 = Release|x64
		{289B8823-BFC7-42D5-A229-ED7EEA99A817}.Release|x86.ActiveCfg = Release|Win32
		{289B8823-BFC7-42D5-A229-ED7EEA99A817}.Release|x86.Build.0 = Release|Win32
		{D57AF998-97B5-45AE-91E8-EF7B3FC3E0D9}.Debug|x64.ActiveCfg = Debug|x64
		{D57AF998-97B5-45AE-91E8-EF7B3FC3E0D9}.Debug|x64.Build.0 = Debug|x64
		{D57AF998-97B5-45AE-91E8-EF7B3FC3E0D9}.Debug|x86.ActiveCfg = Debug|Win32
		{D57AF998-97B5-45AE-91E8-EF7B3FC3E0D9}.Debug|x86.Build.0 = Debug|Win32
		{D57AF998-97B5-45AE-91E8-EF7B3FC3E0D9}.Release|x64.ActiveCfg = Release|x64
		{D57AF998-97B5-45AE-91E8-EF7B3FC3E0D9}.Release|x64.Build.0 = Release|x64
		{D57AF998-97B5-45AE-91E8-EF7B3FC3E0D9}.Release|x86.ActiveCfg = Release|Win32
		{D57AF998-97B5-45AE-91E8-EF7B3FC3E0D9}.Release|x86.Build.0 = Release|Win32
		{7F957C64-D0AA-4B8A-81FE-786ABFA510C0}.Debug|x64.ActiveCfg = Debug|x64
		{7F957C64-D0AA-4B8A-81FE-786ABFA510C0}.Debug|x64.Build.0 = Debug|x64
		{7F957C64-D0AA-4B8A-81FE-786ABFA510C0}.Debug|x86.ActiveCfg = Debug|Win32
		{7F957C64-D0AA-4B8A-81FE-786ABFA510C0}.Debug|x86.Build.0 = Debug|Win32
		{7F957C64-D0AA-4B8A-81FE-786ABFA510C0}.Release|x64.ActiveCfg = Release|x64
		{7F957C64-D0AA-4B8A-81FE-786ABFA510C0}.Release|x64.Build.0 = Release|x64
		{7F957C64-D0AA-4B8A-81FE-786ABFA510C0}.Release|x86.ActiveCfg = Release|Win32
		{7F957C64-D0AA-4B8A-81FE-786ABFA510C0}.Release|x86.Build.0 = Release|Win32
		{99249059-383F-4AF7-AFB6-B8A49A85A091}.Debug|x64.ActiveCfg = Debug|x64
		{99249059-383F-4AF7-AFB6-B8A49A85A091}.Debug|x64.Build.0 = Debug|x64
		{99249059-383F-4AF7-AFB6-B8A49A85A091}.Debug|x86.ActiveCfg = Debug|Win32
		{99249059-383F-4AF7-AFB6-B8A49A85A091}.Debug|x86.Build.0 = Debug|Win32
		{99249059-383F-4AF7-AFB6-B8A49A85A091}.Release|x64.ActiveCfg = Release|x64
		{99249059-383F-4AF7-AFB6-B8A49A85A091}.Release|x64.Build.0 = Release|x64
		{99249059-383F-4AF7-AFB6-B8A49A85A091}.Release|x86.ActiveCfg = Release|Win32
		{99249059-383F-4AF7-AFB6-B8A49A85A091}.Release|x86.Build.0 = Release|Win32
		{6682704A-8267-4082-A7A9-5EFECE02A53C}.Debug|x64.ActiveCfg = Debug|x64
		{6682704A-8267-4082-A7A9-5EFECE02A53C}.Debug|x64.Build.0 = Debug|x64
		{6682704A-8267-4082-A7A9-5EFECE02A53C}.Debug|x86.ActiveCfg = Debug|Win32
		{6682704A-8267-4082-A7A9-5EFECE02A53C}.Debug|x86.Build.0 = Debug|Win32
		{6682704A-8267-4082-A7A9-5EFECE02A53C}.Release|x64.ActiveCfg = Release|x64
		{6682704A-8267-4082-A7A9-5EFECE02A53C}.Release|x64.Build.0 = Release|x64
		{6682704A-8267-4082-A7A9-5EFECE02A53C}.Release|x86.ActiveCfg = Release|Win32
		{6682704A-8267-4082-A7A9-5EFECE02A53C}.Release|x86.Build.0 = Release|Win32
		{FDB0590A-3674-4639-B146-A4E4A7AA823D}.Debug|x64.ActiveCfg = Debug|x64
		{FDB0590A-3674-4639-B146-A4E4A7AA823D}.Debug|x64.Build.0 = Debug|x64
		{FDB0590A-3674-4639-B146-A4E4A7AA823D}.Debug|x86.ActiveCfg = Debug|Win32
		{FDB0590A-3674-4639-B146-A4E4A7AA823D}.Debug|x86.Build.0 = Debug|Win32
		{FDB0590A-3674-4639-B146-A4E4A7AA823D}.Release|x64.ActiveCfg = Release|x64
		{FDB0590A-3674-4639-B146-A4E4A7AA823D}.Release|x64.Build.0 = Release|x64
		{FDB0590A-3674-4639-B146-A4E4A7AA823D}.Release|x86.ActiveCfg = Release|Win32
		{FDB0590A-3674-4639-B146-A4E4A7AA823D}.Release|x86.Build.0 = Release|Win32
		{24C0B31D-5F5B-49A1-BE64-8AED861F4FE3}.Debug|x64.ActiveCfg = Debug|x64
		{24C0B31D-5F5B-49A1-BE64-8AED861F4FE3}.Debug|x64.Build.0 = Debug|x64
		{24C0B31D-5F5B-49A1-BE64-8AED861F4FE3}.Debug|x86.ActiveCfg = Debug|Win32
		{24C0B31D-5F5B-49A1-BE64-8AED861F4FE3}.Debug|x86.Build.0 = Debug|Win32
		{24C0B31D-5F5B-49A1-BE64-8AED861F4FE3}.Release|x64.ActiveCfg = Release|x64
		{24C0B31D-5F5B-49A1-BE64-8AED861F4FE3}.Release|x64.Build.0 = Release|x64
		{24C0B31D-5F5B-49A1-BE64-8AED861F4FE3}.Release|x86.ActiveCfg = Release|Win32
		{24C0B31D-5F5B-49A1-BE64-8AED861F4FE3}.Release|x86.Build.0 = Release|Win32
		{C8672297-B154-4E57-906B-989518C248C0}.Debug|x64.ActiveCfg = Debug|x64
		{C8672297-B154-4E57-906B-989518C248C0}.Debug|x64.Build.0 = Debug|x64
		{C8672297-B154-4E57-906B-989518C248C0}.Debug|x86.ActiveCfg = Debug|Win32
		{C8672297-B154-4E57-906B-989518C248C0}.Debug|x86.Build.0 = Debug|Win32
		{C8672297-B154-4E57-906B-989518C248C0}.Release|x64.ActiveCfg = Release|x64
		{C8672297-B154-4E57-906B-989518C248C0}.Release|x64.Build.0 = Release|x64
		{C8672297-B154-4E57-906B-989518C248C0}.Release|x86.ActiveCfg = Release|Win32
		{C8672297-B154-4E57-906B-989518C248C0}.Release|x86.Build.0 = Release|Win32
		{50F4D8CD-A24D-4F89-A63F-B0F97EFC7BE6}.Debug|x64.ActiveCfg = Debug|x64
		{50F4D8CD-A24D-4F89-A63F-B0F97EFC7BE6}.Debug|x64.Build.0 = Debug|x64
		{50F4D8CD-A24D-4F89-A63F-B0F97EFC7BE6}.Debug|x86.ActiveCfg = Debug|Win32
		{50F4D8CD-A24D-4F89-A63F-B0F97EFC7BE6}.Debug|x86.Build.0 = Debug|Win32
		{50F4D8CD-A24D-4F89-A63F-B0F97EFC7BE6}.Release|x64.ActiveCfg = Release|x64
		{50F4D8CD-A24D-4F89-A63F-B0F97EFC7BE6}.Release|x64.Build.0 = Release|x64
		{50F4D8CD-A24D-4F89-A63F-B0F97EFC7BE6}.Release|x86.ActiveCfg = Release|Win32
		{50F4D8CD-A24D-4F89-A63F-B0F97EFC7BE6}.Release|x86.Build.0 = Release|Win32
	EndGlobalSection
	GlobalSection(SolutionProperties) = preSolution
		HideSolutionNode = FALSE
	EndGlobalSection
	GlobalSection(ExtensibilityGlobals) = postSolution
		SolutionGuid = {CB0513EB-F56D-4363-96E3-0705AC185C1E}
	EndGlobalSection
EndGlobal
